// !$*UTF8*$!
{
	archiveVersion = 1;
	classes = {
	};
	objectVersion = 51;
	objects = {

/* Begin PBXBuildFile section */
		1E0E7BA323AFC0E40009EB38 /* Cart.swift in Sources */ = {isa = PBXBuildFile; fileRef = 1E0E7BA223AFC0E40009EB38 /* Cart.swift */; };
		1E0E7BA523AFCB390009EB38 /* CartCell.swift in Sources */ = {isa = PBXBuildFile; fileRef = 1E0E7BA423AFCB390009EB38 /* CartCell.swift */; };
		1E0E7BA723AFD16D0009EB38 /* CartViewController.swift in Sources */ = {isa = PBXBuildFile; fileRef = 1E0E7BA623AFD16D0009EB38 /* CartViewController.swift */; };
		1E0E7BA923B036D00009EB38 /* UIView.swift in Sources */ = {isa = PBXBuildFile; fileRef = 1E0E7BA823B036D00009EB38 /* UIView.swift */; };
		1E284A4823A63EF10065D26B /* AppDelegate.swift in Sources */ = {isa = PBXBuildFile; fileRef = 1E284A4723A63EF10065D26B /* AppDelegate.swift */; };
		1E284A4A23A63EF10065D26B /* SceneDelegate.swift in Sources */ = {isa = PBXBuildFile; fileRef = 1E284A4923A63EF10065D26B /* SceneDelegate.swift */; };
		1E284A4F23A63EF10065D26B /* Main.storyboard in Resources */ = {isa = PBXBuildFile; fileRef = 1E284A4D23A63EF10065D26B /* Main.storyboard */; };
		1E284A5123A63EF40065D26B /* Assets.xcassets in Resources */ = {isa = PBXBuildFile; fileRef = 1E284A5023A63EF40065D26B /* Assets.xcassets */; };
		1E284A5423A63EF40065D26B /* LaunchScreen.storyboard in Resources */ = {isa = PBXBuildFile; fileRef = 1E284A5223A63EF40065D26B /* LaunchScreen.storyboard */; };
		1E284A5C23A643810065D26B /* SearchViewController.swift in Sources */ = {isa = PBXBuildFile; fileRef = 1E284A5B23A643810065D26B /* SearchViewController.swift */; };
		1E284A5E23A643E50065D26B /* ResourceViewController.swift in Sources */ = {isa = PBXBuildFile; fileRef = 1E284A5D23A643E50065D26B /* ResourceViewController.swift */; };
		1E284A6023A654480065D26B /* SearchResult.swift in Sources */ = {isa = PBXBuildFile; fileRef = 1E284A5F23A654480065D26B /* SearchResult.swift */; };
		1ED7552223A6B748009D555F /* OfferCell.swift in Sources */ = {isa = PBXBuildFile; fileRef = 1ED7552123A6B748009D555F /* OfferCell.swift */; };
		1ED7552423A6C019009D555F /* ResourceCell.swift in Sources */ = {isa = PBXBuildFile; fileRef = 1ED7552323A6C019009D555F /* ResourceCell.swift */; };
		1ED7552623A6CF1A009D555F /* NetworkManager.swift in Sources */ = {isa = PBXBuildFile; fileRef = 1ED7552523A6CF1A009D555F /* NetworkManager.swift */; };
		C1536CBBFD5C1C779D55FFC4 /* Pods_MirnaiaNV_HW2_10.framework in Frameworks */ = {isa = PBXBuildFile; fileRef = 8093B05201B9A8ECF64DFAF1 /* Pods_MirnaiaNV_HW2_10.framework */; };
/* End PBXBuildFile section */

/* Begin PBXFileReference section */
		186AF1DE90A5B7EBE5CA10B4 /* Pods-MirnaiaNV_HW2.10.release.xcconfig */ = {isa = PBXFileReference; includeInIndex = 1; lastKnownFileType = text.xcconfig; name = "Pods-MirnaiaNV_HW2.10.release.xcconfig"; path = "Target Support Files/Pods-MirnaiaNV_HW2.10/Pods-MirnaiaNV_HW2.10.release.xcconfig"; sourceTree = "<group>"; };
		1E0E7BA223AFC0E40009EB38 /* Cart.swift */ = {isa = PBXFileReference; lastKnownFileType = sourcecode.swift; path = Cart.swift; sourceTree = "<group>"; };
		1E0E7BA423AFCB390009EB38 /* CartCell.swift */ = {isa = PBXFileReference; lastKnownFileType = sourcecode.swift; path = CartCell.swift; sourceTree = "<group>"; };
		1E0E7BA623AFD16D0009EB38 /* CartViewController.swift */ = {isa = PBXFileReference; lastKnownFileType = sourcecode.swift; path = CartViewController.swift; sourceTree = "<group>"; };
		1E0E7BA823B036D00009EB38 /* UIView.swift */ = {isa = PBXFileReference; lastKnownFileType = sourcecode.swift; path = UIView.swift; sourceTree = "<group>"; };
		1E284A4423A63EF10065D26B /* MirnaiaNV_HW2.10.app */ = {isa = PBXFileReference; explicitFileType = wrapper.application; includeInIndex = 0; path = MirnaiaNV_HW2.10.app; sourceTree = BUILT_PRODUCTS_DIR; };
		1E284A4723A63EF10065D26B /* AppDelegate.swift */ = {isa = PBXFileReference; lastKnownFileType = sourcecode.swift; path = AppDelegate.swift; sourceTree = "<group>"; };
		1E284A4923A63EF10065D26B /* SceneDelegate.swift */ = {isa = PBXFileReference; lastKnownFileType = sourcecode.swift; path = SceneDelegate.swift; sourceTree = "<group>"; };
		1E284A4E23A63EF10065D26B /* Base */ = {isa = PBXFileReference; lastKnownFileType = file.storyboard; name = Base; path = Base.lproj/Main.storyboard; sourceTree = "<group>"; };
		1E284A5023A63EF40065D26B /* Assets.xcassets */ = {isa = PBXFileReference; lastKnownFileType = folder.assetcatalog; path = Assets.xcassets; sourceTree = "<group>"; };
		1E284A5323A63EF40065D26B /* Base */ = {isa = PBXFileReference; lastKnownFileType = file.storyboard; name = Base; path = Base.lproj/LaunchScreen.storyboard; sourceTree = "<group>"; };
		1E284A5523A63EF40065D26B /* Info.plist */ = {isa = PBXFileReference; lastKnownFileType = text.plist.xml; path = Info.plist; sourceTree = "<group>"; };
		1E284A5B23A643810065D26B /* SearchViewController.swift */ = {isa = PBXFileReference; lastKnownFileType = sourcecode.swift; path = SearchViewController.swift; sourceTree = "<group>"; };
		1E284A5D23A643E50065D26B /* ResourceViewController.swift */ = {isa = PBXFileReference; lastKnownFileType = sourcecode.swift; path = ResourceViewController.swift; sourceTree = "<group>"; };
		1E284A5F23A654480065D26B /* SearchResult.swift */ = {isa = PBXFileReference; lastKnownFileType = sourcecode.swift; path = SearchResult.swift; sourceTree = "<group>"; };
		1ED7552123A6B748009D555F /* OfferCell.swift */ = {isa = PBXFileReference; lastKnownFileType = sourcecode.swift; path = OfferCell.swift; sourceTree = "<group>"; };
		1ED7552323A6C019009D555F /* ResourceCell.swift */ = {isa = PBXFileReference; lastKnownFileType = sourcecode.swift; path = ResourceCell.swift; sourceTree = "<group>"; };
		1ED7552523A6CF1A009D555F /* NetworkManager.swift */ = {isa = PBXFileReference; lastKnownFileType = sourcecode.swift; path = NetworkManager.swift; sourceTree = "<group>"; };
		8093B05201B9A8ECF64DFAF1 /* Pods_MirnaiaNV_HW2_10.framework */ = {isa = PBXFileReference; explicitFileType = wrapper.framework; includeInIndex = 0; path = Pods_MirnaiaNV_HW2_10.framework; sourceTree = BUILT_PRODUCTS_DIR; };
		F4AFE22AC687FBA8F806D66D /* Pods-MirnaiaNV_HW2.10.debug.xcconfig */ = {isa = PBXFileReference; includeInIndex = 1; lastKnownFileType = text.xcconfig; name = "Pods-MirnaiaNV_HW2.10.debug.xcconfig"; path = "Target Support Files/Pods-MirnaiaNV_HW2.10/Pods-MirnaiaNV_HW2.10.debug.xcconfig"; sourceTree = "<group>"; };
/* End PBXFileReference section */

/* Begin PBXFrameworksBuildPhase section */
		1E284A4123A63EF10065D26B /* Frameworks */ = {
			isa = PBXFrameworksBuildPhase;
			buildActionMask = 2147483647;
			files = (
				C1536CBBFD5C1C779D55FFC4 /* Pods_MirnaiaNV_HW2_10.framework in Frameworks */,
			);
			runOnlyForDeploymentPostprocessing = 0;
		};
/* End PBXFrameworksBuildPhase section */

/* Begin PBXGroup section */
		1E284A3B23A63EF10065D26B = {
			isa = PBXGroup;
			children = (
				1E284A4623A63EF10065D26B /* MirnaiaNV_HW2.10 */,
				1E284A4523A63EF10065D26B /* Products */,
				659E72F97BDE2C94B8935E56 /* Pods */,
				9A2CC14E95CB9E1CFB144B74 /* Frameworks */,
			);
			sourceTree = "<group>";
		};
		1E284A4523A63EF10065D26B /* Products */ = {
			isa = PBXGroup;
			children = (
				1E284A4423A63EF10065D26B /* MirnaiaNV_HW2.10.app */,
			);
			name = Products;
			sourceTree = "<group>";
		};
		1E284A4623A63EF10065D26B /* MirnaiaNV_HW2.10 */ = {
			isa = PBXGroup;
			children = (
				1E284A4723A63EF10065D26B /* AppDelegate.swift */,
				1E284A4923A63EF10065D26B /* SceneDelegate.swift */,
				1E0E7BA223AFC0E40009EB38 /* Cart.swift */,
				1E284A5B23A643810065D26B /* SearchViewController.swift */,
				1E0E7BA823B036D00009EB38 /* UIView.swift */,
				1E284A5F23A654480065D26B /* SearchResult.swift */,
				1E284A5D23A643E50065D26B /* ResourceViewController.swift */,
				1ED7552523A6CF1A009D555F /* NetworkManager.swift */,
				1E284A4D23A63EF10065D26B /* Main.storyboard */,
				1E0E7BA623AFD16D0009EB38 /* CartViewController.swift */,
				1E0E7BA423AFCB390009EB38 /* CartCell.swift */,
				1ED7552123A6B748009D555F /* OfferCell.swift */,
				1ED7552323A6C019009D555F /* ResourceCell.swift */,
				1E284A5023A63EF40065D26B /* Assets.xcassets */,
				1E284A5223A63EF40065D26B /* LaunchScreen.storyboard */,
				1E284A5523A63EF40065D26B /* Info.plist */,
			);
			path = MirnaiaNV_HW2.10;
			sourceTree = "<group>";
		};
		659E72F97BDE2C94B8935E56 /* Pods */ = {
			isa = PBXGroup;
			children = (
				F4AFE22AC687FBA8F806D66D /* Pods-MirnaiaNV_HW2.10.debug.xcconfig */,
				186AF1DE90A5B7EBE5CA10B4 /* Pods-MirnaiaNV_HW2.10.release.xcconfig */,
			);
			path = Pods;
			sourceTree = "<group>";
		};
		9A2CC14E95CB9E1CFB144B74 /* Frameworks */ = {
			isa = PBXGroup;
			children = (
				8093B05201B9A8ECF64DFAF1 /* Pods_MirnaiaNV_HW2_10.framework */,
			);
			name = Frameworks;
			sourceTree = "<group>";
		};
/* End PBXGroup section */

/* Begin PBXNativeTarget section */
		1E284A4323A63EF10065D26B /* MirnaiaNV_HW2.10 */ = {
			isa = PBXNativeTarget;
			buildConfigurationList = 1E284A5823A63EF40065D26B /* Build configuration list for PBXNativeTarget "MirnaiaNV_HW2.10" */;
			buildPhases = (
				5A2FD8EF53204D1C77662246 /* [CP] Check Pods Manifest.lock */,
				1E284A4023A63EF10065D26B /* Sources */,
				1E284A4123A63EF10065D26B /* Frameworks */,
				1E284A4223A63EF10065D26B /* Resources */,
				FEE5640D847BB0E37A5D9005 /* [CP] Embed Pods Frameworks */,
			);
			buildRules = (
			);
			dependencies = (
			);
			name = MirnaiaNV_HW2.10;
			productName = MirnaiaNV_HW2.10;
			productReference = 1E284A4423A63EF10065D26B /* MirnaiaNV_HW2.10.app */;
			productType = "com.apple.product-type.application";
		};
/* End PBXNativeTarget section */

/* Begin PBXProject section */
		1E284A3C23A63EF10065D26B /* Project object */ = {
			isa = PBXProject;
			attributes = {
				LastSwiftUpdateCheck = 1100;
				LastUpgradeCheck = 1100;
				ORGANIZATIONNAME = "Наталья Мирная";
				TargetAttributes = {
					1E284A4323A63EF10065D26B = {
						CreatedOnToolsVersion = 11.0;
					};
				};
			};
			buildConfigurationList = 1E284A3F23A63EF10065D26B /* Build configuration list for PBXProject "MirnaiaNV_HW2.10" */;
			compatibilityVersion = "Xcode 9.3";
			developmentRegion = en;
			hasScannedForEncodings = 0;
			knownRegions = (
				en,
				Base,
			);
			mainGroup = 1E284A3B23A63EF10065D26B;
			productRefGroup = 1E284A4523A63EF10065D26B /* Products */;
			projectDirPath = "";
			projectRoot = "";
			targets = (
				1E284A4323A63EF10065D26B /* MirnaiaNV_HW2.10 */,
			);
		};
/* End PBXProject section */

/* Begin PBXResourcesBuildPhase section */
		1E284A4223A63EF10065D26B /* Resources */ = {
			isa = PBXResourcesBuildPhase;
			buildActionMask = 2147483647;
			files = (
				1E284A5423A63EF40065D26B /* LaunchScreen.storyboard in Resources */,
				1E284A5123A63EF40065D26B /* Assets.xcassets in Resources */,
				1E284A4F23A63EF10065D26B /* Main.storyboard in Resources */,
			);
			runOnlyForDeploymentPostprocessing = 0;
		};
/* End PBXResourcesBuildPhase section */

/* Begin PBXShellScriptBuildPhase section */
		5A2FD8EF53204D1C77662246 /* [CP] Check Pods Manifest.lock */ = {
			isa = PBXShellScriptBuildPhase;
			buildActionMask = 2147483647;
			files = (
			);
			inputFileListPaths = (
			);
			inputPaths = (
				"${PODS_PODFILE_DIR_PATH}/Podfile.lock",
				"${PODS_ROOT}/Manifest.lock",
			);
			name = "[CP] Check Pods Manifest.lock";
			outputFileListPaths = (
			);
			outputPaths = (
				"$(DERIVED_FILE_DIR)/Pods-MirnaiaNV_HW2.10-checkManifestLockResult.txt",
			);
			runOnlyForDeploymentPostprocessing = 0;
			shellPath = /bin/sh;
			shellScript = "diff \"${PODS_PODFILE_DIR_PATH}/Podfile.lock\" \"${PODS_ROOT}/Manifest.lock\" > /dev/null\nif [ $? != 0 ] ; then\n    # print error to STDERR\n    echo \"error: The sandbox is not in sync with the Podfile.lock. Run 'pod install' or update your CocoaPods installation.\" >&2\n    exit 1\nfi\n# This output is used by Xcode 'outputs' to avoid re-running this script phase.\necho \"SUCCESS\" > \"${SCRIPT_OUTPUT_FILE_0}\"\n";
			showEnvVarsInLog = 0;
		};
		FEE5640D847BB0E37A5D9005 /* [CP] Embed Pods Frameworks */ = {
			isa = PBXShellScriptBuildPhase;
			buildActionMask = 2147483647;
			files = (
			);
			inputFileListPaths = (
				"${PODS_ROOT}/Target Support Files/Pods-MirnaiaNV_HW2.10/Pods-MirnaiaNV_HW2.10-frameworks-${CONFIGURATION}-input-files.xcfilelist",
			);
			name = "[CP] Embed Pods Frameworks";
			outputFileListPaths = (
				"${PODS_ROOT}/Target Support Files/Pods-MirnaiaNV_HW2.10/Pods-MirnaiaNV_HW2.10-frameworks-${CONFIGURATION}-output-files.xcfilelist",
			);
			runOnlyForDeploymentPostprocessing = 0;
			shellPath = /bin/sh;
			shellScript = "\"${PODS_ROOT}/Target Support Files/Pods-MirnaiaNV_HW2.10/Pods-MirnaiaNV_HW2.10-frameworks.sh\"\n";
			showEnvVarsInLog = 0;
		};
/* End PBXShellScriptBuildPhase section */

/* Begin PBXSourcesBuildPhase section */
		1E284A4023A63EF10065D26B /* Sources */ = {
			isa = PBXSourcesBuildPhase;
			buildActionMask = 2147483647;
			files = (
				1E284A4823A63EF10065D26B /* AppDelegate.swift in Sources */,
				1E0E7BA523AFCB390009EB38 /* CartCell.swift in Sources */,
				1E0E7BA323AFC0E40009EB38 /* Cart.swift in Sources */,
				1E284A5C23A643810065D26B /* SearchViewController.swift in Sources */,
				1E0E7BA923B036D00009EB38 /* UIView.swift in Sources */,
				1ED7552223A6B748009D555F /* OfferCell.swift in Sources */,
				1ED7552423A6C019009D555F /* ResourceCell.swift in Sources */,
				1ED7552623A6CF1A009D555F /* NetworkManager.swift in Sources */,
				1E0E7BA723AFD16D0009EB38 /* CartViewController.swift in Sources */,
				1E284A6023A654480065D26B /* SearchResult.swift in Sources */,
				1E284A5E23A643E50065D26B /* ResourceViewController.swift in Sources */,
				1E284A4A23A63EF10065D26B /* SceneDelegate.swift in Sources */,
			);
			runOnlyForDeploymentPostprocessing = 0;
		};
/* End PBXSourcesBuildPhase section */

/* Begin PBXVariantGroup section */
		1E284A4D23A63EF10065D26B /* Main.storyboard */ = {
			isa = PBXVariantGroup;
			children = (
				1E284A4E23A63EF10065D26B /* Base */,
			);
			name = Main.storyboard;
			sourceTree = "<group>";
		};
		1E284A5223A63EF40065D26B /* LaunchScreen.storyboard */ = {
			isa = PBXVariantGroup;
			children = (
				1E284A5323A63EF40065D26B /* Base */,
			);
			name = LaunchScreen.storyboard;
			sourceTree = "<group>";
		};
/* End PBXVariantGroup section */

/* Begin XCBuildConfiguration section */
		1E284A5623A63EF40065D26B /* Debug */ = {
			isa = XCBuildConfiguration;
			buildSettings = {
				ALWAYS_SEARCH_USER_PATHS = NO;
				CLANG_ANALYZER_NONNULL = YES;
				CLANG_ANALYZER_NUMBER_OBJECT_CONVERSION = YES_AGGRESSIVE;
				CLANG_CXX_LANGUAGE_STANDARD = "gnu++14";
				CLANG_CXX_LIBRARY = "libc++";
				CLANG_ENABLE_MODULES = YES;
				CLANG_ENABLE_OBJC_ARC = YES;
				CLANG_ENABLE_OBJC_WEAK = YES;
				CLANG_WARN_BLOCK_CAPTURE_AUTORELEASING = YES;
				CLANG_WARN_BOOL_CONVERSION = YES;
				CLANG_WARN_COMMA = YES;
				CLANG_WARN_CONSTANT_CONVERSION = YES;
				CLANG_WARN_DEPRECATED_OBJC_IMPLEMENTATIONS = YES;
				CLANG_WARN_DIRECT_OBJC_ISA_USAGE = YES_ERROR;
				CLANG_WARN_DOCUMENTATION_COMMENTS = YES;
				CLANG_WARN_EMPTY_BODY = YES;
				CLANG_WARN_ENUM_CONVERSION = YES;
				CLANG_WARN_INFINITE_RECURSION = YES;
				CLANG_WARN_INT_CONVERSION = YES;
				CLANG_WARN_NON_LITERAL_NULL_CONVERSION = YES;
				CLANG_WARN_OBJC_IMPLICIT_RETAIN_SELF = YES;
				CLANG_WARN_OBJC_LITERAL_CONVERSION = YES;
				CLANG_WARN_OBJC_ROOT_CLASS = YES_ERROR;
				CLANG_WARN_RANGE_LOOP_ANALYSIS = YES;
				CLANG_WARN_STRICT_PROTOTYPES = YES;
				CLANG_WARN_SUSPICIOUS_MOVE = YES;
				CLANG_WARN_UNGUARDED_AVAILABILITY = YES_AGGRESSIVE;
				CLANG_WARN_UNREACHABLE_CODE = YES;
				CLANG_WARN__DUPLICATE_METHOD_MATCH = YES;
				COPY_PHASE_STRIP = NO;
				DEBUG_INFORMATION_FORMAT = dwarf;
				ENABLE_STRICT_OBJC_MSGSEND = YES;
				ENABLE_TESTABILITY = YES;
				GCC_C_LANGUAGE_STANDARD = gnu11;
				GCC_DYNAMIC_NO_PIC = NO;
				GCC_NO_COMMON_BLOCKS = YES;
				GCC_OPTIMIZATION_LEVEL = 0;
				GCC_PREPROCESSOR_DEFINITIONS = (
					"DEBUG=1",
					"$(inherited)",
				);
				GCC_WARN_64_TO_32_BIT_CONVERSION = YES;
				GCC_WARN_ABOUT_RETURN_TYPE = YES_ERROR;
				GCC_WARN_UNDECLARED_SELECTOR = YES;
				GCC_WARN_UNINITIALIZED_AUTOS = YES_AGGRESSIVE;
				GCC_WARN_UNUSED_FUNCTION = YES;
				GCC_WARN_UNUSED_VARIABLE = YES;
				IPHONEOS_DEPLOYMENT_TARGET = 13.0;
				MTL_ENABLE_DEBUG_INFO = INCLUDE_SOURCE;
				MTL_FAST_MATH = YES;
				ONLY_ACTIVE_ARCH = YES;
				SDKROOT = iphoneos;
				SWIFT_ACTIVE_COMPILATION_CONDITIONS = DEBUG;
				SWIFT_OPTIMIZATION_LEVEL = "-Onone";
			};
			name = Debug;
		};
		1E284A5723A63EF40065D26B /* Release */ = {
			isa = XCBuildConfiguration;
			buildSettings = {
				ALWAYS_SEARCH_USER_PATHS = NO;
				CLANG_ANALYZER_NONNULL = YES;
				CLANG_ANALYZER_NUMBER_OBJECT_CONVERSION = YES_AGGRESSIVE;
				CLANG_CXX_LANGUAGE_STANDARD = "gnu++14";
				CLANG_CXX_LIBRARY = "libc++";
				CLANG_ENABLE_MODULES = YES;
				CLANG_ENABLE_OBJC_ARC = YES;
				CLANG_ENABLE_OBJC_WEAK = YES;
				CLANG_WARN_BLOCK_CAPTURE_AUTORELEASING = YES;
				CLANG_WARN_BOOL_CONVERSION = YES;
				CLANG_WARN_COMMA = YES;
				CLANG_WARN_CONSTANT_CONVERSION = YES;
				CLANG_WARN_DEPRECATED_OBJC_IMPLEMENTATIONS = YES;
				CLANG_WARN_DIRECT_OBJC_ISA_USAGE = YES_ERROR;
				CLANG_WARN_DOCUMENTATION_COMMENTS = YES;
				CLANG_WARN_EMPTY_BODY = YES;
				CLANG_WARN_ENUM_CONVERSION = YES;
				CLANG_WARN_INFINITE_RECURSION = YES;
				CLANG_WARN_INT_CONVERSION = YES;
				CLANG_WARN_NON_LITERAL_NULL_CONVERSION = YES;
				CLANG_WARN_OBJC_IMPLICIT_RETAIN_SELF = YES;
				CLANG_WARN_OBJC_LITERAL_CONVERSION = YES;
				CLANG_WARN_OBJC_ROOT_CLASS = YES_ERROR;
				CLANG_WARN_RANGE_LOOP_ANALYSIS = YES;
				CLANG_WARN_STRICT_PROTOTYPES = YES;
				CLANG_WARN_SUSPICIOUS_MOVE = YES;
				CLANG_WARN_UNGUARDED_AVAILABILITY = YES_AGGRESSIVE;
				CLANG_WARN_UNREACHABLE_CODE = YES;
				CLANG_WARN__DUPLICATE_METHOD_MATCH = YES;
				COPY_PHASE_STRIP = NO;
				DEBUG_INFORMATION_FORMAT = "dwarf-with-dsym";
				ENABLE_NS_ASSERTIONS = NO;
				ENABLE_STRICT_OBJC_MSGSEND = YES;
				GCC_C_LANGUAGE_STANDARD = gnu11;
				GCC_NO_COMMON_BLOCKS = YES;
				GCC_WARN_64_TO_32_BIT_CONVERSION = YES;
				GCC_WARN_ABOUT_RETURN_TYPE = YES_ERROR;
				GCC_WARN_UNDECLARED_SELECTOR = YES;
				GCC_WARN_UNINITIALIZED_AUTOS = YES_AGGRESSIVE;
				GCC_WARN_UNUSED_FUNCTION = YES;
				GCC_WARN_UNUSED_VARIABLE = YES;
				IPHONEOS_DEPLOYMENT_TARGET = 13.0;
				MTL_ENABLE_DEBUG_INFO = NO;
				MTL_FAST_MATH = YES;
				SDKROOT = iphoneos;
				SWIFT_COMPILATION_MODE = wholemodule;
				SWIFT_OPTIMIZATION_LEVEL = "-O";
				VALIDATE_PRODUCT = YES;
			};
			name = Release;
		};
		1E284A5923A63EF40065D26B /* Debug */ = {
			isa = XCBuildConfiguration;
			baseConfigurationReference = F4AFE22AC687FBA8F806D66D /* Pods-MirnaiaNV_HW2.10.debug.xcconfig */;
			buildSettings = {
				ASSETCATALOG_COMPILER_APPICON_NAME = AppIcon;
				CODE_SIGN_STYLE = Automatic;
				DEVELOPMENT_TEAM = 9Q377U5Z8M;
				INFOPLIST_FILE = MirnaiaNV_HW2.10/Info.plist;
				LD_RUNPATH_SEARCH_PATHS = (
					"$(inherited)",
					"@executable_path/Frameworks",
				);
				PRODUCT_BUNDLE_IDENTIFIER = "yep.MirnaiaNV-HW2-10";
				PRODUCT_NAME = "$(TARGET_NAME)";
				SWIFT_VERSION = 5.0;
				TARGETED_DEVICE_FAMILY = "1,2";
			};
			name = Debug;
		};
		1E284A5A23A63EF40065D26B /* Release */ = {
			isa = XCBuildConfiguration;
			baseConfigurationReference = 186AF1DE90A5B7EBE5CA10B4 /* Pods-MirnaiaNV_HW2.10.release.xcconfig */;
			buildSettings = {
				ASSETCATALOG_COMPILER_APPICON_NAME = AppIcon;
				CODE_SIGN_STYLE = Automatic;
				DEVELOPMENT_TEAM = 9Q377U5Z8M;
				INFOPLIST_FILE = MirnaiaNV_HW2.10/Info.plist;
				LD_RUNPATH_SEARCH_PATHS = (
					"$(inherited)",
					"@executable_path/Frameworks",
				);
				PRODUCT_BUNDLE_IDENTIFIER = "yep.MirnaiaNV-HW2-10";
				PRODUCT_NAME = "$(TARGET_NAME)";
				SWIFT_VERSION = 5.0;
				TARGETED_DEVICE_FAMILY = "1,2";
			};
			name = Release;
		};
/* End XCBuildConfiguration section */

/* Begin XCConfigurationList section */
		1E284A3F23A63EF10065D26B /* Build configuration list for PBXProject "MirnaiaNV_HW2.10" */ = {
			isa = XCConfigurationList;
			buildConfigurations = (
				1E284A5623A63EF40065D26B /* Debug */,
				1E284A5723A63EF40065D26B /* Release */,
			);
			defaultConfigurationIsVisible = 0;
			defaultConfigurationName = Release;
		};
		1E284A5823A63EF40065D26B /* Build configuration list for PBXNativeTarget "MirnaiaNV_HW2.10" */ = {
			isa = XCConfigurationList;
			buildConfigurations = (
				1E284A5923A63EF40065D26B /* Debug */,
				1E284A5A23A63EF40065D26B /* Release */,
			);
			defaultConfigurationIsVisible = 0;
			defaultConfigurationName = Release;
		};
/* End XCConfigurationList section */
	};
	rootObject = 1E284A3C23A63EF10065D26B /* Project object */;
}
